// !$*UTF8*$!
{
	archiveVersion = 1;
	classes = {
	};
	objectVersion = 51;
	objects = {

/* Begin PBXBuildFile section */
		01561217260589D7002B38B8 /* PostCell.swift in Sources */ = {isa = PBXBuildFile; fileRef = 01561216260589D7002B38B8 /* PostCell.swift */; };
		01C043A526054E4C00843778 /* AppDelegate.swift in Sources */ = {isa = PBXBuildFile; fileRef = 01C043A426054E4C00843778 /* AppDelegate.swift */; };
		01C043A726054E4C00843778 /* SceneDelegate.swift in Sources */ = {isa = PBXBuildFile; fileRef = 01C043A626054E4C00843778 /* SceneDelegate.swift */; };
		01C043AC26054E4C00843778 /* Main.storyboard in Resources */ = {isa = PBXBuildFile; fileRef = 01C043AA26054E4C00843778 /* Main.storyboard */; };
		01C043AE26054E4C00843778 /* Assets.xcassets in Resources */ = {isa = PBXBuildFile; fileRef = 01C043AD26054E4C00843778 /* Assets.xcassets */; };
		01C043B126054E4C00843778 /* LaunchScreen.storyboard in Resources */ = {isa = PBXBuildFile; fileRef = 01C043AF26054E4C00843778 /* LaunchScreen.storyboard */; };
		01C043BC26054E4C00843778 /* Week5_InstaRedo2Tests.swift in Sources */ = {isa = PBXBuildFile; fileRef = 01C043BB26054E4C00843778 /* Week5_InstaRedo2Tests.swift */; };
		01C043C726054E4C00843778 /* Week5_InstaRedo2UITests.swift in Sources */ = {isa = PBXBuildFile; fileRef = 01C043C626054E4C00843778 /* Week5_InstaRedo2UITests.swift */; };
		01ED3EAE26055BC500EC9311 /* LoginViewController.swift in Sources */ = {isa = PBXBuildFile; fileRef = 01ED3EAD26055BC500EC9311 /* LoginViewController.swift */; };
		01ED3EB326055BE200EC9311 /* FeedViewController.swift in Sources */ = {isa = PBXBuildFile; fileRef = 01ED3EB226055BE200EC9311 /* FeedViewController.swift */; };
		01ED3EB82605720700EC9311 /* CameraViewController.swift in Sources */ = {isa = PBXBuildFile; fileRef = 01ED3EB72605720700EC9311 /* CameraViewController.swift */; };
		1CD5117F97E085EAEE97C87A /* Pods_Week5_InstaRedo2_Week5_InstaRedo2UITests.framework in Frameworks */ = {isa = PBXBuildFile; fileRef = 256A8C79C3C882E8BE47C402 /* Pods_Week5_InstaRedo2_Week5_InstaRedo2UITests.framework */; };
		9AE924D132A15AD7F964DAA9 /* Pods_Week5_InstaRedo2Tests.framework in Frameworks */ = {isa = PBXBuildFile; fileRef = 6644E197E8540C8ACE9C6107 /* Pods_Week5_InstaRedo2Tests.framework */; };
		F8D5D69989D151BB90485A7C /* Pods_Week5_InstaRedo2.framework in Frameworks */ = {isa = PBXBuildFile; fileRef = 1056D9CBB388F4B5E099D1DC /* Pods_Week5_InstaRedo2.framework */; };
/* End PBXBuildFile section */

/* Begin PBXContainerItemProxy section */
		01C043B826054E4C00843778 /* PBXContainerItemProxy */ = {
			isa = PBXContainerItemProxy;
			containerPortal = 01C0439926054E4C00843778 /* Project object */;
			proxyType = 1;
			remoteGlobalIDString = 01C043A026054E4C00843778;
			remoteInfo = "Week5-InstaRedo2";
		};
		01C043C326054E4C00843778 /* PBXContainerItemProxy */ = {
			isa = PBXContainerItemProxy;
			containerPortal = 01C0439926054E4C00843778 /* Project object */;
			proxyType = 1;
			remoteGlobalIDString = 01C043A026054E4C00843778;
			remoteInfo = "Week5-InstaRedo2";
		};
/* End PBXContainerItemProxy section */

/* Begin PBXFileReference section */
		01561216260589D7002B38B8 /* PostCell.swift */ = {isa = PBXFileReference; lastKnownFileType = sourcecode.swift; path = PostCell.swift; sourceTree = "<group>"; };
		01C043A126054E4C00843778 /* Week5-InstaRedo2.app */ = {isa = PBXFileReference; explicitFileType = wrapper.application; includeInIndex = 0; path = "Week5-InstaRedo2.app"; sourceTree = BUILT_PRODUCTS_DIR; };
		01C043A426054E4C00843778 /* AppDelegate.swift */ = {isa = PBXFileReference; lastKnownFileType = sourcecode.swift; path = AppDelegate.swift; sourceTree = "<group>"; };
		01C043A626054E4C00843778 /* SceneDelegate.swift */ = {isa = PBXFileReference; lastKnownFileType = sourcecode.swift; path = SceneDelegate.swift; sourceTree = "<group>"; };
		01C043AB26054E4C00843778 /* Base */ = {isa = PBXFileReference; lastKnownFileType = file.storyboard; name = Base; path = Base.lproj/Main.storyboard; sourceTree = "<group>"; };
		01C043AD26054E4C00843778 /* Assets.xcassets */ = {isa = PBXFileReference; lastKnownFileType = folder.assetcatalog; path = Assets.xcassets; sourceTree = "<group>"; };
		01C043B026054E4C00843778 /* Base */ = {isa = PBXFileReference; lastKnownFileType = file.storyboard; name = Base; path = Base.lproj/LaunchScreen.storyboard; sourceTree = "<group>"; };
		01C043B226054E4C00843778 /* Info.plist */ = {isa = PBXFileReference; lastKnownFileType = text.plist.xml; path = Info.plist; sourceTree = "<group>"; };
		01C043B726054E4C00843778 /* Week5-InstaRedo2Tests.xctest */ = {isa = PBXFileReference; explicitFileType = wrapper.cfbundle; includeInIndex = 0; path = "Week5-InstaRedo2Tests.xctest"; sourceTree = BUILT_PRODUCTS_DIR; };
		01C043BB26054E4C00843778 /* Week5_InstaRedo2Tests.swift */ = {isa = PBXFileReference; lastKnownFileType = sourcecode.swift; path = Week5_InstaRedo2Tests.swift; sourceTree = "<group>"; };
		01C043BD26054E4C00843778 /* Info.plist */ = {isa = PBXFileReference; lastKnownFileType = text.plist.xml; path = Info.plist; sourceTree = "<group>"; };
		01C043C226054E4C00843778 /* Week5-InstaRedo2UITests.xctest */ = {isa = PBXFileReference; explicitFileType = wrapper.cfbundle; includeInIndex = 0; path = "Week5-InstaRedo2UITests.xctest"; sourceTree = BUILT_PRODUCTS_DIR; };
		01C043C626054E4C00843778 /* Week5_InstaRedo2UITests.swift */ = {isa = PBXFileReference; lastKnownFileType = sourcecode.swift; path = Week5_InstaRedo2UITests.swift; sourceTree = "<group>"; };
		01C043C826054E4C00843778 /* Info.plist */ = {isa = PBXFileReference; lastKnownFileType = text.plist.xml; path = Info.plist; sourceTree = "<group>"; };
		01ED3EAD26055BC500EC9311 /* LoginViewController.swift */ = {isa = PBXFileReference; lastKnownFileType = sourcecode.swift; path = LoginViewController.swift; sourceTree = "<group>"; };
		01ED3EB226055BE200EC9311 /* FeedViewController.swift */ = {isa = PBXFileReference; lastKnownFileType = sourcecode.swift; path = FeedViewController.swift; sourceTree = "<group>"; };
		01ED3EB72605720700EC9311 /* CameraViewController.swift */ = {isa = PBXFileReference; lastKnownFileType = sourcecode.swift; path = CameraViewController.swift; sourceTree = "<group>"; };
		1056D9CBB388F4B5E099D1DC /* Pods_Week5_InstaRedo2.framework */ = {isa = PBXFileReference; explicitFileType = wrapper.framework; includeInIndex = 0; path = Pods_Week5_InstaRedo2.framework; sourceTree = BUILT_PRODUCTS_DIR; };
		256A8C79C3C882E8BE47C402 /* Pods_Week5_InstaRedo2_Week5_InstaRedo2UITests.framework */ = {isa = PBXFileReference; explicitFileType = wrapper.framework; includeInIndex = 0; path = Pods_Week5_InstaRedo2_Week5_InstaRedo2UITests.framework; sourceTree = BUILT_PRODUCTS_DIR; };
		31D5A30CC0C4D97D907CBD99 /* Pods-Week5-InstaRedo2.debug.xcconfig */ = {isa = PBXFileReference; includeInIndex = 1; lastKnownFileType = text.xcconfig; name = "Pods-Week5-InstaRedo2.debug.xcconfig"; path = "Target Support Files/Pods-Week5-InstaRedo2/Pods-Week5-InstaRedo2.debug.xcconfig"; sourceTree = "<group>"; };
		454BB5292EEAB56A4E8BEBA7 /* Pods-Week5-InstaRedo2Tests.release.xcconfig */ = {isa = PBXFileReference; includeInIndex = 1; lastKnownFileType = text.xcconfig; name = "Pods-Week5-InstaRedo2Tests.release.xcconfig"; path = "Target Support Files/Pods-Week5-InstaRedo2Tests/Pods-Week5-InstaRedo2Tests.release.xcconfig"; sourceTree = "<group>"; };
		6644E197E8540C8ACE9C6107 /* Pods_Week5_InstaRedo2Tests.framework */ = {isa = PBXFileReference; explicitFileType = wrapper.framework; includeInIndex = 0; path = Pods_Week5_InstaRedo2Tests.framework; sourceTree = BUILT_PRODUCTS_DIR; };
		6BA58D7A95D292DE303F026C /* Pods-Week5-InstaRedo2-Week5-InstaRedo2UITests.debug.xcconfig */ = {isa = PBXFileReference; includeInIndex = 1; lastKnownFileType = text.xcconfig; name = "Pods-Week5-InstaRedo2-Week5-InstaRedo2UITests.debug.xcconfig"; path = "Target Support Files/Pods-Week5-InstaRedo2-Week5-InstaRedo2UITests/Pods-Week5-InstaRedo2-Week5-InstaRedo2UITests.debug.xcconfig"; sourceTree = "<group>"; };
		76CE76175C02843E461DA965 /* Pods-Week5-InstaRedo2-Week5-InstaRedo2UITests.release.xcconfig */ = {isa = PBXFileReference; includeInIndex = 1; lastKnownFileType = text.xcconfig; name = "Pods-Week5-InstaRedo2-Week5-InstaRedo2UITests.release.xcconfig"; path = "Target Support Files/Pods-Week5-InstaRedo2-Week5-InstaRedo2UITests/Pods-Week5-InstaRedo2-Week5-InstaRedo2UITests.release.xcconfig"; sourceTree = "<group>"; };
		89E055397543B24FD6F79ADE /* Pods-Week5-InstaRedo2Tests.debug.xcconfig */ = {isa = PBXFileReference; includeInIndex = 1; lastKnownFileType = text.xcconfig; name = "Pods-Week5-InstaRedo2Tests.debug.xcconfig"; path = "Target Support Files/Pods-Week5-InstaRedo2Tests/Pods-Week5-InstaRedo2Tests.debug.xcconfig"; sourceTree = "<group>"; };
		FD5BA09256EEE4CB77B1EFD0 /* Pods-Week5-InstaRedo2.release.xcconfig */ = {isa = PBXFileReference; includeInIndex = 1; lastKnownFileType = text.xcconfig; name = "Pods-Week5-InstaRedo2.release.xcconfig"; path = "Target Support Files/Pods-Week5-InstaRedo2/Pods-Week5-InstaRedo2.release.xcconfig"; sourceTree = "<group>"; };
/* End PBXFileReference section */

/* Begin PBXFrameworksBuildPhase section */
		01C0439E26054E4C00843778 /* Frameworks */ = {
			isa = PBXFrameworksBuildPhase;
			buildActionMask = 2147483647;
			files = (
				F8D5D69989D151BB90485A7C /* Pods_Week5_InstaRedo2.framework in Frameworks */,
			);
			runOnlyForDeploymentPostprocessing = 0;
		};
		01C043B426054E4C00843778 /* Frameworks */ = {
			isa = PBXFrameworksBuildPhase;
			buildActionMask = 2147483647;
			files = (
				9AE924D132A15AD7F964DAA9 /* Pods_Week5_InstaRedo2Tests.framework in Frameworks */,
			);
			runOnlyForDeploymentPostprocessing = 0;
		};
		01C043BF26054E4C00843778 /* Frameworks */ = {
			isa = PBXFrameworksBuildPhase;
			buildActionMask = 2147483647;
			files = (
				1CD5117F97E085EAEE97C87A /* Pods_Week5_InstaRedo2_Week5_InstaRedo2UITests.framework in Frameworks */,
			);
			runOnlyForDeploymentPostprocessing = 0;
		};
/* End PBXFrameworksBuildPhase section */

/* Begin PBXGroup section */
		01C0439826054E4C00843778 = {
			isa = PBXGroup;
			children = (
				01C043A326054E4C00843778 /* Week5-InstaRedo2 */,
				01C043BA26054E4C00843778 /* Week5-InstaRedo2Tests */,
				01C043C526054E4C00843778 /* Week5-InstaRedo2UITests */,
				01C043A226054E4C00843778 /* Products */,
				6FB0476D3F5C82947C650676 /* Pods */,
				7FF5E1D78E56A722681E8A07 /* Frameworks */,
			);
			sourceTree = "<group>";
		};
		01C043A226054E4C00843778 /* Products */ = {
			isa = PBXGroup;
			children = (
				01C043A126054E4C00843778 /* Week5-InstaRedo2.app */,
				01C043B726054E4C00843778 /* Week5-InstaRedo2Tests.xctest */,
				01C043C226054E4C00843778 /* Week5-InstaRedo2UITests.xctest */,
			);
			name = Products;
			sourceTree = "<group>";
		};
		01C043A326054E4C00843778 /* Week5-InstaRedo2 */ = {
			isa = PBXGroup;
			children = (
				01C043A426054E4C00843778 /* AppDelegate.swift */,
				01C043A626054E4C00843778 /* SceneDelegate.swift */,
				01C043AA26054E4C00843778 /* Main.storyboard */,
				01561216260589D7002B38B8 /* PostCell.swift */,
				01C043AD26054E4C00843778 /* Assets.xcassets */,
				01C043AF26054E4C00843778 /* LaunchScreen.storyboard */,
				01C043B226054E4C00843778 /* Info.plist */,
				01ED3EAD26055BC500EC9311 /* LoginViewController.swift */,
				01ED3EB226055BE200EC9311 /* FeedViewController.swift */,
				01ED3EB72605720700EC9311 /* CameraViewController.swift */,
			);
			path = "Week5-InstaRedo2";
			sourceTree = "<group>";
		};
		01C043BA26054E4C00843778 /* Week5-InstaRedo2Tests */ = {
			isa = PBXGroup;
			children = (
				01C043BB26054E4C00843778 /* Week5_InstaRedo2Tests.swift */,
				01C043BD26054E4C00843778 /* Info.plist */,
			);
			path = "Week5-InstaRedo2Tests";
			sourceTree = "<group>";
		};
		01C043C526054E4C00843778 /* Week5-InstaRedo2UITests */ = {
			isa = PBXGroup;
			children = (
				01C043C626054E4C00843778 /* Week5_InstaRedo2UITests.swift */,
				01C043C826054E4C00843778 /* Info.plist */,
			);
			path = "Week5-InstaRedo2UITests";
			sourceTree = "<group>";
		};
		6FB0476D3F5C82947C650676 /* Pods */ = {
			isa = PBXGroup;
			children = (
				31D5A30CC0C4D97D907CBD99 /* Pods-Week5-InstaRedo2.debug.xcconfig */,
				FD5BA09256EEE4CB77B1EFD0 /* Pods-Week5-InstaRedo2.release.xcconfig */,
				6BA58D7A95D292DE303F026C /* Pods-Week5-InstaRedo2-Week5-InstaRedo2UITests.debug.xcconfig */,
				76CE76175C02843E461DA965 /* Pods-Week5-InstaRedo2-Week5-InstaRedo2UITests.release.xcconfig */,
				89E055397543B24FD6F79ADE /* Pods-Week5-InstaRedo2Tests.debug.xcconfig */,
				454BB5292EEAB56A4E8BEBA7 /* Pods-Week5-InstaRedo2Tests.release.xcconfig */,
			);
			path = Pods;
			sourceTree = "<group>";
		};
		7FF5E1D78E56A722681E8A07 /* Frameworks */ = {
			isa = PBXGroup;
			children = (
				1056D9CBB388F4B5E099D1DC /* Pods_Week5_InstaRedo2.framework */,
				256A8C79C3C882E8BE47C402 /* Pods_Week5_InstaRedo2_Week5_InstaRedo2UITests.framework */,
				6644E197E8540C8ACE9C6107 /* Pods_Week5_InstaRedo2Tests.framework */,
			);
			name = Frameworks;
			sourceTree = "<group>";
		};
/* End PBXGroup section */

/* Begin PBXNativeTarget section */
		01C043A026054E4C00843778 /* Week5-InstaRedo2 */ = {
			isa = PBXNativeTarget;
			buildConfigurationList = 01C043CB26054E4C00843778 /* Build configuration list for PBXNativeTarget "Week5-InstaRedo2" */;
			buildPhases = (
				2187A6F3749B7D7840DBEE6B /* [CP] Check Pods Manifest.lock */,
				01C0439D26054E4C00843778 /* Sources */,
				01C0439E26054E4C00843778 /* Frameworks */,
				01C0439F26054E4C00843778 /* Resources */,
				E8240C72788BDC891B7A6961 /* [CP] Embed Pods Frameworks */,
			);
			buildRules = (
			);
			dependencies = (
			);
			name = "Week5-InstaRedo2";
			productName = "Week5-InstaRedo2";
			productReference = 01C043A126054E4C00843778 /* Week5-InstaRedo2.app */;
			productType = "com.apple.product-type.application";
		};
		01C043B626054E4C00843778 /* Week5-InstaRedo2Tests */ = {
			isa = PBXNativeTarget;
			buildConfigurationList = 01C043CE26054E4C00843778 /* Build configuration list for PBXNativeTarget "Week5-InstaRedo2Tests" */;
			buildPhases = (
				A83D5669B588B92CCCBF904A /* [CP] Check Pods Manifest.lock */,
				01C043B326054E4C00843778 /* Sources */,
				01C043B426054E4C00843778 /* Frameworks */,
				01C043B526054E4C00843778 /* Resources */,
			);
			buildRules = (
			);
			dependencies = (
				01C043B926054E4C00843778 /* PBXTargetDependency */,
			);
			name = "Week5-InstaRedo2Tests";
			productName = "Week5-InstaRedo2Tests";
			productReference = 01C043B726054E4C00843778 /* Week5-InstaRedo2Tests.xctest */;
			productType = "com.apple.product-type.bundle.unit-test";
		};
		01C043C126054E4C00843778 /* Week5-InstaRedo2UITests */ = {
			isa = PBXNativeTarget;
			buildConfigurationList = 01C043D126054E4C00843778 /* Build configuration list for PBXNativeTarget "Week5-InstaRedo2UITests" */;
			buildPhases = (
				75736C092E60FD641B9C2616 /* [CP] Check Pods Manifest.lock */,
				01C043BE26054E4C00843778 /* Sources */,
				01C043BF26054E4C00843778 /* Frameworks */,
				01C043C026054E4C00843778 /* Resources */,
				9F1D0A68F731BC130DB946CF /* [CP] Embed Pods Frameworks */,
			);
			buildRules = (
			);
			dependencies = (
				01C043C426054E4C00843778 /* PBXTargetDependency */,
			);
			name = "Week5-InstaRedo2UITests";
			productName = "Week5-InstaRedo2UITests";
			productReference = 01C043C226054E4C00843778 /* Week5-InstaRedo2UITests.xctest */;
			productType = "com.apple.product-type.bundle.ui-testing";
		};
/* End PBXNativeTarget section */

/* Begin PBXProject section */
		01C0439926054E4C00843778 /* Project object */ = {
			isa = PBXProject;
			attributes = {
				LastSwiftUpdateCheck = 1240;
				LastUpgradeCheck = 1240;
				TargetAttributes = {
					01C043A026054E4C00843778 = {
						CreatedOnToolsVersion = 12.4;
					};
					01C043B626054E4C00843778 = {
						CreatedOnToolsVersion = 12.4;
						TestTargetID = 01C043A026054E4C00843778;
					};
					01C043C126054E4C00843778 = {
						CreatedOnToolsVersion = 12.4;
						TestTargetID = 01C043A026054E4C00843778;
					};
				};
			};
			buildConfigurationList = 01C0439C26054E4C00843778 /* Build configuration list for PBXProject "Week5-InstaRedo2" */;
			compatibilityVersion = "Xcode 9.3";
			developmentRegion = en;
			hasScannedForEncodings = 0;
			knownRegions = (
				en,
				Base,
			);
			mainGroup = 01C0439826054E4C00843778;
			productRefGroup = 01C043A226054E4C00843778 /* Products */;
			projectDirPath = "";
			projectRoot = "";
			targets = (
				01C043A026054E4C00843778 /* Week5-InstaRedo2 */,
				01C043B626054E4C00843778 /* Week5-InstaRedo2Tests */,
				01C043C126054E4C00843778 /* Week5-InstaRedo2UITests */,
			);
		};
/* End PBXProject section */

/* Begin PBXResourcesBuildPhase section */
		01C0439F26054E4C00843778 /* Resources */ = {
			isa = PBXResourcesBuildPhase;
			buildActionMask = 2147483647;
			files = (
				01C043B126054E4C00843778 /* LaunchScreen.storyboard in Resources */,
				01C043AE26054E4C00843778 /* Assets.xcassets in Resources */,
				01C043AC26054E4C00843778 /* Main.storyboard in Resources */,
			);
			runOnlyForDeploymentPostprocessing = 0;
		};
		01C043B526054E4C00843778 /* Resources */ = {
			isa = PBXResourcesBuildPhase;
			buildActionMask = 2147483647;
			files = (
			);
			runOnlyForDeploymentPostprocessing = 0;
		};
		01C043C026054E4C00843778 /* Resources */ = {
			isa = PBXResourcesBuildPhase;
			buildActionMask = 2147483647;
			files = (
			);
			runOnlyForDeploymentPostprocessing = 0;
		};
/* End PBXResourcesBuildPhase section */

/* Begin PBXShellScriptBuildPhase section */
		2187A6F3749B7D7840DBEE6B /* [CP] Check Pods Manifest.lock */ = {
			isa = PBXShellScriptBuildPhase;
			buildActionMask = 2147483647;
			files = (
			);
			inputFileListPaths = (
			);
			inputPaths = (
				"${PODS_PODFILE_DIR_PATH}/Podfile.lock",
				"${PODS_ROOT}/Manifest.lock",
			);
			name = "[CP] Check Pods Manifest.lock";
			outputFileListPaths = (
			);
			outputPaths = (
				"$(DERIVED_FILE_DIR)/Pods-Week5-InstaRedo2-checkManifestLockResult.txt",
			);
			runOnlyForDeploymentPostprocessing = 0;
			shellPath = /bin/sh;
			shellScript = "diff \"${PODS_PODFILE_DIR_PATH}/Podfile.lock\" \"${PODS_ROOT}/Manifest.lock\" > /dev/null\nif [ $? != 0 ] ; then\n    # print error to STDERR\n    echo \"error: The sandbox is not in sync with the Podfile.lock. Run 'pod install' or update your CocoaPods installation.\" >&2\n    exit 1\nfi\n# This output is used by Xcode 'outputs' to avoid re-running this script phase.\necho \"SUCCESS\" > \"${SCRIPT_OUTPUT_FILE_0}\"\n";
			showEnvVarsInLog = 0;
		};
		75736C092E60FD641B9C2616 /* [CP] Check Pods Manifest.lock */ = {
			isa = PBXShellScriptBuildPhase;
			buildActionMask = 2147483647;
			files = (
			);
			inputFileListPaths = (
			);
			inputPaths = (
				"${PODS_PODFILE_DIR_PATH}/Podfile.lock",
				"${PODS_ROOT}/Manifest.lock",
			);
			name = "[CP] Check Pods Manifest.lock";
			outputFileListPaths = (
			);
			outputPaths = (
				"$(DERIVED_FILE_DIR)/Pods-Week5-InstaRedo2-Week5-InstaRedo2UITests-checkManifestLockResult.txt",
			);
			runOnlyForDeploymentPostprocessing = 0;
			shellPath = /bin/sh;
			shellScript = "diff \"${PODS_PODFILE_DIR_PATH}/Podfile.lock\" \"${PODS_ROOT}/Manifest.lock\" > /dev/null\nif [ $? != 0 ] ; then\n    # print error to STDERR\n    echo \"error: The sandbox is not in sync with the Podfile.lock. Run 'pod install' or update your CocoaPods installation.\" >&2\n    exit 1\nfi\n# This output is used by Xcode 'outputs' to avoid re-running this script phase.\necho \"SUCCESS\" > \"${SCRIPT_OUTPUT_FILE_0}\"\n";
			showEnvVarsInLog = 0;
		};
		9F1D0A68F731BC130DB946CF /* [CP] Embed Pods Frameworks */ = {
			isa = PBXShellScriptBuildPhase;
			buildActionMask = 2147483647;
			files = (
			);
			inputFileListPaths = (
				"${PODS_ROOT}/Target Support Files/Pods-Week5-InstaRedo2-Week5-InstaRedo2UITests/Pods-Week5-InstaRedo2-Week5-InstaRedo2UITests-frameworks-${CONFIGURATION}-input-files.xcfilelist",
			);
			name = "[CP] Embed Pods Frameworks";
			outputFileListPaths = (
				"${PODS_ROOT}/Target Support Files/Pods-Week5-InstaRedo2-Week5-InstaRedo2UITests/Pods-Week5-InstaRedo2-Week5-InstaRedo2UITests-frameworks-${CONFIGURATION}-output-files.xcfilelist",
			);
			runOnlyForDeploymentPostprocessing = 0;
			shellPath = /bin/sh;
			shellScript = "\"${PODS_ROOT}/Target Support Files/Pods-Week5-InstaRedo2-Week5-InstaRedo2UITests/Pods-Week5-InstaRedo2-Week5-InstaRedo2UITests-frameworks.sh\"\n";
			showEnvVarsInLog = 0;
		};
		A83D5669B588B92CCCBF904A /* [CP] Check Pods Manifest.lock */ = {
			isa = PBXShellScriptBuildPhase;
			buildActionMask = 2147483647;
			files = (
			);
			inputFileListPaths = (
			);
			inputPaths = (
				"${PODS_PODFILE_DIR_PATH}/Podfile.lock",
				"${PODS_ROOT}/Manifest.lock",
			);
			name = "[CP] Check Pods Manifest.lock";
			outputFileListPaths = (
			);
			outputPaths = (
				"$(DERIVED_FILE_DIR)/Pods-Week5-InstaRedo2Tests-checkManifestLockResult.txt",
			);
			runOnlyForDeploymentPostprocessing = 0;
			shellPath = /bin/sh;
			shellScript = "diff \"${PODS_PODFILE_DIR_PATH}/Podfile.lock\" \"${PODS_ROOT}/Manifest.lock\" > /dev/null\nif [ $? != 0 ] ; then\n    # print error to STDERR\n    echo \"error: The sandbox is not in sync with the Podfile.lock. Run 'pod install' or update your CocoaPods installation.\" >&2\n    exit 1\nfi\n# This output is used by Xcode 'outputs' to avoid re-running this script phase.\necho \"SUCCESS\" > \"${SCRIPT_OUTPUT_FILE_0}\"\n";
			showEnvVarsInLog = 0;
		};
		E8240C72788BDC891B7A6961 /* [CP] Embed Pods Frameworks */ = {
			isa = PBXShellScriptBuildPhase;
			buildActionMask = 2147483647;
			files = (
			);
			inputFileListPaths = (
				"${PODS_ROOT}/Target Support Files/Pods-Week5-InstaRedo2/Pods-Week5-InstaRedo2-frameworks-${CONFIGURATION}-input-files.xcfilelist",
			);
			name = "[CP] Embed Pods Frameworks";
			outputFileListPaths = (
				"${PODS_ROOT}/Target Support Files/Pods-Week5-InstaRedo2/Pods-Week5-InstaRedo2-frameworks-${CONFIGURATION}-output-files.xcfilelist",
			);
			runOnlyForDeploymentPostprocessing = 0;
			shellPath = /bin/sh;
			shellScript = "\"${PODS_ROOT}/Target Support Files/Pods-Week5-InstaRedo2/Pods-Week5-InstaRedo2-frameworks.sh\"\n";
			showEnvVarsInLog = 0;
		};
/* End PBXShellScriptBuildPhase section */

/* Begin PBXSourcesBuildPhase section */
		01C0439D26054E4C00843778 /* Sources */ = {
			isa = PBXSourcesBuildPhase;
			buildActionMask = 2147483647;
			files = (
				01ED3EAE26055BC500EC9311 /* LoginViewController.swift in Sources */,
				01ED3EB82605720700EC9311 /* CameraViewController.swift in Sources */,
				01C043A526054E4C00843778 /* AppDelegate.swift in Sources */,
				01ED3EB326055BE200EC9311 /* FeedViewController.swift in Sources */,
				01C043A726054E4C00843778 /* SceneDelegate.swift in Sources */,
				01561217260589D7002B38B8 /* PostCell.swift in Sources */,
			);
			runOnlyForDeploymentPostprocessing = 0;
		};
		01C043B326054E4C00843778 /* Sources */ = {
			isa = PBXSourcesBuildPhase;
			buildActionMask = 2147483647;
			files = (
				01C043BC26054E4C00843778 /* Week5_InstaRedo2Tests.swift in Sources */,
			);
			runOnlyForDeploymentPostprocessing = 0;
		};
		01C043BE26054E4C00843778 /* Sources */ = {
			isa = PBXSourcesBuildPhase;
			buildActionMask = 2147483647;
			files = (
				01C043C726054E4C00843778 /* Week5_InstaRedo2UITests.swift in Sources */,
			);
			runOnlyForDeploymentPostprocessing = 0;
		};
/* End PBXSourcesBuildPhase section */

/* Begin PBXTargetDependency section */
		01C043B926054E4C00843778 /* PBXTargetDependency */ = {
			isa = PBXTargetDependency;
			target = 01C043A026054E4C00843778 /* Week5-InstaRedo2 */;
			targetProxy = 01C043B826054E4C00843778 /* PBXContainerItemProxy */;
		};
		01C043C426054E4C00843778 /* PBXTargetDependency */ = {
			isa = PBXTargetDependency;
			target = 01C043A026054E4C00843778 /* Week5-InstaRedo2 */;
			targetProxy = 01C043C326054E4C00843778 /* PBXContainerItemProxy */;
		};
/* End PBXTargetDependency section */

/* Begin PBXVariantGroup section */
		01C043AA26054E4C00843778 /* Main.storyboard */ = {
			isa = PBXVariantGroup;
			children = (
				01C043AB26054E4C00843778 /* Base */,
			);
			name = Main.storyboard;
			sourceTree = "<group>";
		};
		01C043AF26054E4C00843778 /* LaunchScreen.storyboard */ = {
			isa = PBXVariantGroup;
			children = (
				01C043B026054E4C00843778 /* Base */,
			);
			name = LaunchScreen.storyboard;
			sourceTree = "<group>";
		};
/* End PBXVariantGroup section */

/* Begin XCBuildConfiguration section */
		01C043C926054E4C00843778 /* Debug */ = {
			isa = XCBuildConfiguration;
			buildSettings = {
				ALWAYS_SEARCH_USER_PATHS = NO;
				CLANG_ANALYZER_NONNULL = YES;
				CLANG_ANALYZER_NUMBER_OBJECT_CONVERSION = YES_AGGRESSIVE;
				CLANG_CXX_LANGUAGE_STANDARD = "gnu++14";
				CLANG_CXX_LIBRARY = "libc++";
				CLANG_ENABLE_MODULES = YES;
				CLANG_ENABLE_OBJC_ARC = YES;
				CLANG_ENABLE_OBJC_WEAK = YES;
				CLANG_WARN_BLOCK_CAPTURE_AUTORELEASING = YES;
				CLANG_WARN_BOOL_CONVERSION = YES;
				CLANG_WARN_COMMA = YES;
				CLANG_WARN_CONSTANT_CONVERSION = YES;
				CLANG_WARN_DEPRECATED_OBJC_IMPLEMENTATIONS = YES;
				CLANG_WARN_DIRECT_OBJC_ISA_USAGE = YES_ERROR;
				CLANG_WARN_DOCUMENTATION_COMMENTS = YES;
				CLANG_WARN_EMPTY_BODY = YES;
				CLANG_WARN_ENUM_CONVERSION = YES;
				CLANG_WARN_INFINITE_RECURSION = YES;
				CLANG_WARN_INT_CONVERSION = YES;
				CLANG_WARN_NON_LITERAL_NULL_CONVERSION = YES;
				CLANG_WARN_OBJC_IMPLICIT_RETAIN_SELF = YES;
				CLANG_WARN_OBJC_LITERAL_CONVERSION = YES;
				CLANG_WARN_OBJC_ROOT_CLASS = YES_ERROR;
				CLANG_WARN_QUOTED_INCLUDE_IN_FRAMEWORK_HEADER = YES;
				CLANG_WARN_RANGE_LOOP_ANALYSIS = YES;
				CLANG_WARN_STRICT_PROTOTYPES = YES;
				CLANG_WARN_SUSPICIOUS_MOVE = YES;
				CLANG_WARN_UNGUARDED_AVAILABILITY = YES_AGGRESSIVE;
				CLANG_WARN_UNREACHABLE_CODE = YES;
				CLANG_WARN__DUPLICATE_METHOD_MATCH = YES;
				COPY_PHASE_STRIP = NO;
				DEBUG_INFORMATION_FORMAT = dwarf;
				ENABLE_STRICT_OBJC_MSGSEND = YES;
				ENABLE_TESTABILITY = YES;
				GCC_C_LANGUAGE_STANDARD = gnu11;
				GCC_DYNAMIC_NO_PIC = NO;
				GCC_NO_COMMON_BLOCKS = YES;
				GCC_OPTIMIZATION_LEVEL = 0;
				GCC_PREPROCESSOR_DEFINITIONS = (
					"DEBUG=1",
					"$(inherited)",
				);
				GCC_WARN_64_TO_32_BIT_CONVERSION = YES;
				GCC_WARN_ABOUT_RETURN_TYPE = YES_ERROR;
				GCC_WARN_UNDECLARED_SELECTOR = YES;
				GCC_WARN_UNINITIALIZED_AUTOS = YES_AGGRESSIVE;
				GCC_WARN_UNUSED_FUNCTION = YES;
				GCC_WARN_UNUSED_VARIABLE = YES;
				IPHONEOS_DEPLOYMENT_TARGET = 14.4;
				MTL_ENABLE_DEBUG_INFO = INCLUDE_SOURCE;
				MTL_FAST_MATH = YES;
				ONLY_ACTIVE_ARCH = YES;
				SDKROOT = iphoneos;
				SWIFT_ACTIVE_COMPILATION_CONDITIONS = DEBUG;
				SWIFT_OPTIMIZATION_LEVEL = "-Onone";
			};
			name = Debug;
		};
		01C043CA26054E4C00843778 /* Release */ = {
			isa = XCBuildConfiguration;
			buildSettings = {
				ALWAYS_SEARCH_USER_PATHS = NO;
				CLANG_ANALYZER_NONNULL = YES;
				CLANG_ANALYZER_NUMBER_OBJECT_CONVERSION = YES_AGGRESSIVE;
				CLANG_CXX_LANGUAGE_STANDARD = "gnu++14";
				CLANG_CXX_LIBRARY = "libc++";
				CLANG_ENABLE_MODULES = YES;
				CLANG_ENABLE_OBJC_ARC = YES;
				CLANG_ENABLE_OBJC_WEAK = YES;
				CLANG_WARN_BLOCK_CAPTURE_AUTORELEASING = YES;
				CLANG_WARN_BOOL_CONVERSION = YES;
				CLANG_WARN_COMMA = YES;
				CLANG_WARN_CONSTANT_CONVERSION = YES;
				CLANG_WARN_DEPRECATED_OBJC_IMPLEMENTATIONS = YES;
				CLANG_WARN_DIRECT_OBJC_ISA_USAGE = YES_ERROR;
				CLANG_WARN_DOCUMENTATION_COMMENTS = YES;
				CLANG_WARN_EMPTY_BODY = YES;
				CLANG_WARN_ENUM_CONVERSION = YES;
				CLANG_WARN_INFINITE_RECURSION = YES;
				CLANG_WARN_INT_CONVERSION = YES;
				CLANG_WARN_NON_LITERAL_NULL_CONVERSION = YES;
				CLANG_WARN_OBJC_IMPLICIT_RETAIN_SELF = YES;
				CLANG_WARN_OBJC_LITERAL_CONVERSION = YES;
				CLANG_WARN_OBJC_ROOT_CLASS = YES_ERROR;
				CLANG_WARN_QUOTED_INCLUDE_IN_FRAMEWORK_HEADER = YES;
				CLANG_WARN_RANGE_LOOP_ANALYSIS = YES;
				CLANG_WARN_STRICT_PROTOTYPES = YES;
				CLANG_WARN_SUSPICIOUS_MOVE = YES;
				CLANG_WARN_UNGUARDED_AVAILABILITY = YES_AGGRESSIVE;
				CLANG_WARN_UNREACHABLE_CODE = YES;
				CLANG_WARN__DUPLICATE_METHOD_MATCH = YES;
				COPY_PHASE_STRIP = NO;
				DEBUG_INFORMATION_FORMAT = "dwarf-with-dsym";
				ENABLE_NS_ASSERTIONS = NO;
				ENABLE_STRICT_OBJC_MSGSEND = YES;
				GCC_C_LANGUAGE_STANDARD = gnu11;
				GCC_NO_COMMON_BLOCKS = YES;
				GCC_WARN_64_TO_32_BIT_CONVERSION = YES;
				GCC_WARN_ABOUT_RETURN_TYPE = YES_ERROR;
				GCC_WARN_UNDECLARED_SELECTOR = YES;
				GCC_WARN_UNINITIALIZED_AUTOS = YES_AGGRESSIVE;
				GCC_WARN_UNUSED_FUNCTION = YES;
				GCC_WARN_UNUSED_VARIABLE = YES;
				IPHONEOS_DEPLOYMENT_TARGET = 14.4;
				MTL_ENABLE_DEBUG_INFO = NO;
				MTL_FAST_MATH = YES;
				SDKROOT = iphoneos;
				SWIFT_COMPILATION_MODE = wholemodule;
				SWIFT_OPTIMIZATION_LEVEL = "-O";
				VALIDATE_PRODUCT = YES;
			};
			name = Release;
		};
		01C043CC26054E4C00843778 /* Debug */ = {
			isa = XCBuildConfiguration;
			baseConfigurationReference = 31D5A30CC0C4D97D907CBD99 /* Pods-Week5-InstaRedo2.debug.xcconfig */;
			buildSettings = {
				ASSETCATALOG_COMPILER_APPICON_NAME = AppIcon;
				ASSETCATALOG_COMPILER_GLOBAL_ACCENT_COLOR_NAME = AccentColor;
				CODE_SIGN_STYLE = Automatic;
				INFOPLIST_FILE = "Week5-InstaRedo2/Info.plist";
				LD_RUNPATH_SEARCH_PATHS = (
					"$(inherited)",
					"@executable_path/Frameworks",
				);
				PRODUCT_BUNDLE_IDENTIFIER = "JocG.Week5-InstaRedo2";
				PRODUCT_NAME = "$(TARGET_NAME)";
				SWIFT_VERSION = 5.0;
				TARGETED_DEVICE_FAMILY = "1,2";
			};
			name = Debug;
		};
		01C043CD26054E4C00843778 /* Release */ = {
			isa = XCBuildConfiguration;
			baseConfigurationReference = FD5BA09256EEE4CB77B1EFD0 /* Pods-Week5-InstaRedo2.release.xcconfig */;
			buildSettings = {
				ASSETCATALOG_COMPILER_APPICON_NAME = AppIcon;
				ASSETCATALOG_COMPILER_GLOBAL_ACCENT_COLOR_NAME = AccentColor;
				CODE_SIGN_STYLE = Automatic;
				INFOPLIST_FILE = "Week5-InstaRedo2/Info.plist";
				LD_RUNPATH_SEARCH_PATHS = (
					"$(inherited)",
					"@executable_path/Frameworks",
				);
				PRODUCT_BUNDLE_IDENTIFIER = "JocG.Week5-InstaRedo2";
				PRODUCT_NAME = "$(TARGET_NAME)";
				SWIFT_VERSION = 5.0;
				TARGETED_DEVICE_FAMILY = "1,2";
			};
			name = Release;
		};
		01C043CF26054E4C00843778 /* Debug */ = {
			isa = XCBuildConfiguration;
			baseConfigurationReference = 89E055397543B24FD6F79ADE /* Pods-Week5-InstaRedo2Tests.debug.xcconfig */;
			buildSettings = {
				ALWAYS_EMBED_SWIFT_STANDARD_LIBRARIES = YES;
				BUNDLE_LOADER = "$(TEST_HOST)";
				CODE_SIGN_STYLE = Automatic;
				INFOPLIST_FILE = "Week5-InstaRedo2Tests/Info.plist";
				IPHONEOS_DEPLOYMENT_TARGET = 14.4;
				LD_RUNPATH_SEARCH_PATHS = (
					"$(inherited)",
					"@executable_path/Frameworks",
					"@loader_path/Frameworks",
				);
				PRODUCT_BUNDLE_IDENTIFIER = "JocG.Week5-InstaRedo2Tests";
				PRODUCT_NAME = "$(TARGET_NAME)";
				SWIFT_VERSION = 5.0;
				TARGETED_DEVICE_FAMILY = "1,2";
				TEST_HOST = "$(BUILT_PRODUCTS_DIR)/Week5-InstaRedo2.app/Week5-InstaRedo2";
			};
			name = Debug;
		};
		01C043D026054E4C00843778 /* Release */ = {
			isa = XCBuildConfiguration;
			baseConfigurationReference = 454BB5292EEAB56A4E8BEBA7 /* Pods-Week5-InstaRedo2Tests.release.xcconfig */;
			buildSettings = {
				ALWAYS_EMBED_SWIFT_STANDARD_LIBRARIES = YES;
				BUNDLE_LOADER = "$(TEST_HOST)";
				CODE_SIGN_STYLE = Automatic;
				INFOPLIST_FILE = "Week5-InstaRedo2Tests/Info.plist";
				IPHONEOS_DEPLOYMENT_TARGET = 14.4;
				LD_RUNPATH_SEARCH_PATHS = (
					"$(inherited)",
					"@executable_path/Frameworks",
					"@loader_path/Frameworks",
				);
				PRODUCT_BUNDLE_IDENTIFIER = "JocG.Week5-InstaRedo2Tests";
				PRODUCT_NAME = "$(TARGET_NAME)";
				SWIFT_VERSION = 5.0;
				TARGETED_DEVICE_FAMILY = "1,2";
				TEST_HOST = "$(BUILT_PRODUCTS_DIR)/Week5-InstaRedo2.app/Week5-InstaRedo2";
			};
			name = Release;
		};
		01C043D226054E4C00843778 /* Debug */ = {
			isa = XCBuildConfiguration;
			baseConfigurationReference = 6BA58D7A95D292DE303F026C /* Pods-Week5-InstaRedo2-Week5-InstaRedo2UITests.debug.xcconfig */;
			buildSettings = {
				ALWAYS_EMBED_SWIFT_STANDARD_LIBRARIES = YES;
				CODE_SIGN_STYLE = Automatic;
				INFOPLIST_FILE = "Week5-InstaRedo2UITests/Info.plist";
				LD_RUNPATH_SEARCH_PATHS = (
					"$(inherited)",
					"@executable_path/Frameworks",
					"@loader_path/Frameworks",
				);
				PRODUCT_BUNDLE_IDENTIFIER = "JocG.Week5-InstaRedo2UITests";
				PRODUCT_NAME = "$(TARGET_NAME)";
				SWIFT_VERSION = 5.0;
				TARGETED_DEVICE_FAMILY = "1,2";
				TEST_TARGET_NAME = "Week5-InstaRedo2";
			};
			name = Debug;
		};
		01C043D326054E4C00843778 /* Release */ = {
			isa = XCBuildConfiguration;
			baseConfigurationReference = 76CE76175C02843E461DA965 /* Pods-Week5-InstaRedo2-Week5-InstaRedo2UITests.release.xcconfig */;
			buildSettings = {
				ALWAYS_EMBED_SWIFT_STANDARD_LIBRARIES = YES;
				CODE_SIGN_STYLE = Automatic;
				INFOPLIST_FILE = "Week5-InstaRedo2UITests/Info.plist";
				LD_RUNPATH_SEARCH_PATHS = (
					"$(inherited)",
					"@executable_path/Frameworks",
					"@loader_path/Frameworks",
				);
				PRODUCT_BUNDLE_IDENTIFIER = "JocG.Week5-InstaRedo2UITests";
				PRODUCT_NAME = "$(TARGET_NAME)";
				SWIFT_VERSION = 5.0;
				TARGETED_DEVICE_FAMILY = "1,2";
				TEST_TARGET_NAME = "Week5-InstaRedo2";
			};
			name = Release;
		};
/* End XCBuildConfiguration section */

/* Begin XCConfigurationList section */
		01C0439C26054E4C00843778 /* Build configuration list for PBXProject "Week5-InstaRedo2" */ = {
			isa = XCConfigurationList;
			buildConfigurations = (
				01C043C926054E4C00843778 /* Debug */,
				01C043CA26054E4C00843778 /* Release */,
			);
			defaultConfigurationIsVisible = 0;
			defaultConfigurationName = Release;
		};
		01C043CB26054E4C00843778 /* Build configuration list for PBXNativeTarget "Week5-InstaRedo2" */ = {
			isa = XCConfigurationList;
			buildConfigurations = (
				01C043CC26054E4C00843778 /* Debug */,
				01C043CD26054E4C00843778 /* Release */,
			);
			defaultConfigurationIsVisible = 0;
			defaultConfigurationName = Release;
		};
		01C043CE26054E4C00843778 /* Build configuration list for PBXNativeTarget "Week5-InstaRedo2Tests" */ = {
			isa = XCConfigurationList;
			buildConfigurations = (
				01C043CF26054E4C00843778 /* Debug */,
				01C043D026054E4C00843778 /* Release */,
			);
			defaultConfigurationIsVisible = 0;
			defaultConfigurationName = Release;
		};
		01C043D126054E4C00843778 /* Build configuration list for PBXNativeTarget "Week5-InstaRedo2UITests" */ = {
			isa = XCConfigurationList;
			buildConfigurations = (
				01C043D226054E4C00843778 /* Debug */,
				01C043D326054E4C00843778 /* Release */,
			);
			defaultConfigurationIsVisible = 0;
			defaultConfigurationName = Release;
		};
/* End XCConfigurationList section */
	};
	rootObject = 01C0439926054E4C00843778 /* Project object */;
}
